
Microsoft Visual Studio Solution File, Format Version 12.00
# Visual Studio Version 17
VisualStudioVersion = 17.0.31919.166
MinimumVisualStudioVersion = 10.0.40219.1
Project("{FAE04EC0-301F-11D3-BF4B-00C04F79EFBC}") = "Поточный шифр", "Поточный шифр\Поточный шифр.csproj", "{8659B920-07A1-46FA-8368-30B11F20407B}"
EndProject
Global
	GlobalSection(SolutionConfigurationPlatforms) = preSolution
		Debug|Any CPU = Debug|Any CPU
		Release|Any CPU = Release|Any CPU
	EndGlobalSection
	GlobalSection(ProjectConfigurationPlatforms) = postSolution
		{8659B920-07A1-46FA-8368-30B11F20407B}.Debug|Any CPU.ActiveCfg = Debug|Any CPU
		{8659B920-07A1-46FA-8368-30B11F20407B}.Debug|Any CPU.Build.0 = Debug|Any CPU
		{8659B920-07A1-46FA-8368-30B11F20407B}.Release|Any CPU.ActiveCfg = Release|Any CPU
		{8659B920-07A1-46FA-8368-30B11F20407B}.Release|Any CPU.Build.0 = Release|Any CPU
	EndGlobalSection
	GlobalSection(SolutionProperties) = preSolution
		HideSolutionNode = FALSE
	EndGlobalSection
	GlobalSection(ExtensibilityGlobals) = postSolution
		SolutionGuid = {B09B0BC8-D2C4-4856-AEF4-86C9B6182EA0}
	EndGlobalSection
EndGlobal
